PODS:
  - AAsyncImageLoader (0.1.0)

DEPENDENCIES:
  - AAsyncImageLoader (from `../`)

EXTERNAL SOURCES:
  AAsyncImageLoader:
    :path: "../"

SPEC CHECKSUMS:
  AAsyncImageLoader: 2456f5d8f8d9ae9c602f318a50ee8c54c92536cc

PODFILE CHECKSUM: 01c3afb2e5c748e9362073c88b90084774e910a8

COCOAPODS: 1.0.1
